
Microsoft Visual Studio Solution File, Format Version 12.00
# Visual Studio 15
VisualStudioVersion = 15.0.28307.329
MinimumVisualStudioVersion = 10.0.40219.1
Project("{FAE04EC0-301F-11D3-BF4B-00C04F79EFBC}") = "minesweeper", "minesweeper\minesweeper.csproj", "{72A1638E-90E9-407E-BA4A-393530523AD4}"
EndProject
Global
	GlobalSection(SolutionConfigurationPlatforms) = preSolution
		Debug|Any CPU = Debug|Any CPU
		Release|Any CPU = Release|Any CPU
	EndGlobalSection
	GlobalSection(ProjectConfigurationPlatforms) = postSolution
		{72A1638E-90E9-407E-BA4A-393530523AD4}.Debug|Any CPU.ActiveCfg = Debug|Any CPU
		{72A1638E-90E9-407E-BA4A-393530523AD4}.Debug|Any CPU.Build.0 = Debug|Any CPU
		{72A1638E-90E9-407E-BA4A-393530523AD4}.Release|Any CPU.ActiveCfg = Release|Any CPU
		{72A1638E-90E9-407E-BA4A-393530523AD4}.Release|Any CPU.Build.0 = Release|Any CPU
	EndGlobalSection
	GlobalSection(SolutionProperties) = preSolution
		HideSolutionNode = FALSE
	EndGlobalSection
	GlobalSection(ExtensibilityGlobals) = postSolution
		SolutionGuid = {F99977EC-E22A-4F5B-A7A9-4DA3A237BD00}
	EndGlobalSection
EndGlobal
